<?xml version="1.0" encoding="utf-8"?>
<Project ToolsVersion="4.0" xmlns="http://schemas.microsoft.com/developer/msbuild/2003">
  <ItemGroup>
    <Filter Include="Source Files">
      <UniqueIdentifier>{4FC737F1-C7A5-4376-A066-2A32D752A2FF}</UniqueIdentifier>
      <Extensions>cpp;c;cc;cxx;c++;cppm;ixx;def;odl;idl;hpj;bat;asm;asmx</Extensions>
    </Filter>
    <Filter Include="Header Files">
      <UniqueIdentifier>{93995380-89BD-4b04-88EB-625FBE52EBFB}</UniqueIdentifier>
      <Extensions>h;hh;hpp;hxx;h++;hm;inl;inc;ipp;xsd</Extensions>
    </Filter>
    <Filter Include="Resource Files">
      <UniqueIdentifier>{67DA6AB6-F800-4c08-8B7A-83BB121AAD01}</UniqueIdentifier>
      <Extensions>rc;ico;cur;bmp;dlg;rc2;rct;bin;rgs;gif;jpg;jpeg;jpe;resx;tiff;tif;png;wav;mfcribbon-ms</Extensions>
    </Filter>
    <Filter Include="assets">
      <UniqueIdentifier>{10fbe92e-6df2-4254-ae46-1173c24424d7}</UniqueIdentifier>
    </Filter>
    <Filter Include="assets\images">
      <UniqueIdentifier>{ca77392f-958b-4f79-a9a5-7331c35133c2}</UniqueIdentifier>
    </Filter>
    <Filter Include="assets\sounds">
      <UniqueIdentifier>{7a07ce5b-ba65-4658-81f7-9a0cb544a5cf}</UniqueIdentifier>
    </Filter>
    <Filter Include="assets\maps">
      <UniqueIdentifier>{daccc7e6-d020-46fe-8196-a828f1577e88}</UniqueIdentifier>
    </Filter>
    <Filter Include="assets\objectfiles">
      <UniqueIdentifier>{5bb25e67-d1d9-4c85-ba59-bc511be08910}</UniqueIdentifier>
    </Filter>
    <Filter Include="olcUTILS">
      <UniqueIdentifier>{00d38e93-5e9b-4b9c-9335-1507c17d8555}</UniqueIdentifier>
    </Filter>
    <Filter Include="olcPGEX">
      <UniqueIdentifier>{abe08fb2-23c8-4617-aeb9-3da29ed99359}</UniqueIdentifier>
    </Filter>
    <Filter Include="assets\fonts">
      <UniqueIdentifier>{f5f7e652-8366-4a5b-a545-e28bd7a771a3}</UniqueIdentifier>
    </Filter>
    <Filter Include="External">
      <UniqueIdentifier>{5b2afe7e-2657-42d9-8ffd-d560ba6d0f35}</UniqueIdentifier>
    </Filter>
    <Filter Include="External\Header Files">
      <UniqueIdentifier>{1e4037ae-12aa-4ae3-90ae-19a47fd4af77}</UniqueIdentifier>
    </Filter>
    <Filter Include="External\lib">
      <UniqueIdentifier>{6dec3b1e-6a80-4ac3-82cf-58f3097b3861}</UniqueIdentifier>
    </Filter>
    <Filter Include="External\dlls">
      <UniqueIdentifier>{6242e703-f9b7-4383-863d-5f1b7f852190}</UniqueIdentifier>
    </Filter>
    <Filter Include="Player">
      <UniqueIdentifier>{bd4bc1bc-c932-4339-8744-6ffc8767604b}</UniqueIdentifier>
    </Filter>
    <Filter Include="sigonasr2">
      <UniqueIdentifier>{b6328169-8e02-403b-804c-29f5fe507f9b}</UniqueIdentifier>
    </Filter>
    <Filter Include="Classes">
      <UniqueIdentifier>{566a454d-273d-4bc3-9293-cda1d136ced3}</UniqueIdentifier>
    </Filter>
    <Filter Include="WASM">
      <UniqueIdentifier>{5675c8ae-cd6c-4904-864d-61195cd86a1c}</UniqueIdentifier>
    </Filter>
    <Filter Include="pge_ems">
      <UniqueIdentifier>{a3049946-fd6d-440f-ad78-c8f3671dd2e9}</UniqueIdentifier>
    </Filter>
  </ItemGroup>
  <ItemGroup>
    <ClCompile Include="main.cpp">
      <Filter>Source Files</Filter>
    </ClCompile>
  </ItemGroup>
  <ItemGroup>
    <ClInclude Include="olcPixelGameEngine.h">
      <Filter>Header Files</Filter>
    </ClInclude>
    <ClInclude Include="olcPGEX_Template.h">
      <Filter>olcPGEX</Filter>
    </ClInclude>
    <ClInclude Include="olcUTIL_Geometry2D.h">
      <Filter>olcUTILS</Filter>
    </ClInclude>
    <ClInclude Include="pch.h">
      <Filter>Header Files</Filter>
    </ClInclude>
    <ClInclude Include="olcPGEX_MainMenu.h">
      <Filter>olcPGEX</Filter>
    </ClInclude>
    <ClInclude Include="olcPGEX_Background.h">
      <Filter>olcPGEX</Filter>
    </ClInclude>
    <ClInclude Include="olcPGEX_MessageController.h">
      <Filter>olcPGEX</Filter>
    </ClInclude>
    <ClInclude Include="olcPGEX_SplashScreen.h">
      <Filter>olcPGEX</Filter>
    </ClInclude>
    <ClInclude Include="olcPGEX_TTF.h">
      <Filter>olcPGEX</Filter>
    </ClInclude>
    <ClInclude Include="include\ft2build.h">
      <Filter>External\Header Files</Filter>
    </ClInclude>
    <ClInclude Include="olcPGEX_PlayerObject.h">
      <Filter>Player</Filter>
    </ClInclude>
    <ClInclude Include="olcPGEX_QuickGUI.h">
      <Filter>olcPGEX</Filter>
    </ClInclude>
    <ClInclude Include="TMXParser.h">
      <Filter>sigonasr2</Filter>
    </ClInclude>
    <ClInclude Include="olcPGEX_TransformedView.h">
      <Filter>olcPGEX</Filter>
    </ClInclude>
    <ClInclude Include="olcUTIL_Camera2D.h">
      <Filter>olcUTILS</Filter>
    </ClInclude>
    <ClInclude Include="olcPGEX_Collision.h">
      <Filter>olcPGEX</Filter>
    </ClInclude>
    <ClInclude Include="olcPGEX_LevelManager.h">
      <Filter>olcPGEX</Filter>
    </ClInclude>
    <ClInclude Include="GameObjects.h">
      <Filter>Classes</Filter>
    </ClInclude>
    <ClInclude Include="olcPGEX_Object_Actions.h">
      <Filter>olcPGEX</Filter>
    </ClInclude>
  </ItemGroup>
  <ItemGroup>
    <Image Include="assets\images\background.png">
      <Filter>assets\images</Filter>
    </Image>
    <Image Include="assets\images\olcpgemobilelogo.png">
      <Filter>assets\images</Filter>
    </Image>
    <Image Include="assets\images\oip.jpg">
      <Filter>assets\images</Filter>
    </Image>
    <Image Include="assets\images\interfacePacksheet.png">
      <Filter>assets\images</Filter>
    </Image>
    <Image Include="assets\images\holytoilet.png">
      <Filter>assets\images</Filter>
    </Image>
    <Image Include="assets\images\toiletmainmenu.png">
      <Filter>assets\images</Filter>
    </Image>
    <Image Include="assets\images\LettersSpriteSheet.png">
      <Filter>assets\images</Filter>
    </Image>
    <Image Include="assets\images\toilet.png">
      <Filter>assets\images</Filter>
    </Image>
    <Image Include="assets\images\playerSpriteSheet.png">
      <Filter>assets\images</Filter>
    </Image>
    <Image Include="assets\images\levelSpriteSheet.png">
      <Filter>assets\images</Filter>
    </Image>
    <Image Include="assets\images\maleSpriteSheet.png">
      <Filter>assets\images</Filter>
    </Image>
  </ItemGroup>
  <ItemGroup>
    <None Include="assets\maps\example1.city">
      <Filter>assets\maps</Filter>
    </None>
    <None Include="dlls\freetype.dll">
      <Filter>External\dlls</Filter>
    </None>
    <None Include="assets\maps\Level1Output.tmx">
      <Filter>assets\maps</Filter>
    </None>
    <None Include="ems_pge\pge2wasm.bat">
      <Filter>pge_ems</Filter>
    </None>
    <None Include="WASM\index.html">
      <Filter>WASM</Filter>
    </None>
    <None Include="WASM\pge.data">
      <Filter>WASM</Filter>
    </None>
    <None Include="WASM\pge.html">
      <Filter>WASM</Filter>
    </None>
    <None Include="WASM\pge.js">
      <Filter>WASM</Filter>
    </None>
    <None Include="WASM\pge.wasm">
      <Filter>WASM</Filter>
    </None>
  </ItemGroup>
  <ItemGroup>
    <Media Include="assets\sounds\engineCircular_001.mp3">
      <Filter>assets\sounds</Filter>
    </Media>
    <Media Include="assets\sounds\ItalianMom.mp3">
      <Filter>assets\sounds</Filter>
    </Media>
  </ItemGroup>
  <ItemGroup>
    <Xml Include="assets\maps\interfacePack_sheet.xml">
      <Filter>assets\maps</Filter>
    </Xml>
    <Xml Include="assets\maps\LettersSpriteSheet.xml">
      <Filter>assets\maps</Filter>
    </Xml>
    <Xml Include="assets\maps\playerSpriteSheet.xml">
      <Filter>assets\maps</Filter>
    </Xml>
    <Xml Include="assets\maps\maleSpriteSheet.xml">
      <Filter>assets\maps</Filter>
    </Xml>
  </ItemGroup>
  <ItemGroup>
    <Font Include="assets\fonts\kenney_bold.ttf">
      <Filter>assets\fonts</Filter>
    </Font>
    <Font Include="assets\fonts\kenney_thick.ttf">
      <Filter>assets\fonts</Filter>
    </Font>
  </ItemGroup>
  <ItemGroup>
    <Library Include="lib\freetype.lib">
      <Filter>External\lib</Filter>
    </Library>
  </ItemGroup>
  <ItemGroup>
    <Text Include="WASM\Placeholder.txt">
      <Filter>WASM</Filter>
    </Text>
  </ItemGroup>
</Project>